
Microsoft Visual Studio Solution File, Format Version 12.00
# Visual Studio 2013
VisualStudioVersion = 12.0.31101.0
MinimumVisualStudioVersion = 10.0.40219.1
Project("{FAE04EC0-301F-11D3-BF4B-00C04F79EFBC}") = "DiffPatcher", "DiffPatcher\DiffPatcher.csproj", "{1BD4683C-11A5-4317-9660-8B48D5AC93EA}"
EndProject
Project("{FAE04EC0-301F-11D3-BF4B-00C04F79EFBC}") = "DiffPatchCreator", "DiffPatchCreator\DiffPatchCreator.csproj", "{CAEF65D1-420C-4E25-97DD-D42385F495E1}"
EndProject
Global
	GlobalSection(SolutionConfigurationPlatforms) = preSolution
		Debug|Any CPU = Debug|Any CPU
		Release|Any CPU = Release|Any CPU
	EndGlobalSection
	GlobalSection(ProjectConfigurationPlatforms) = postSolution
		{1BD4683C-11A5-4317-9660-8B48D5AC93EA}.Debug|Any CPU.ActiveCfg = Debug|Any CPU
		{1BD4683C-11A5-4317-9660-8B48D5AC93EA}.Debug|Any CPU.Build.0 = Debug|Any CPU
		{1BD4683C-11A5-4317-9660-8B48D5AC93EA}.Release|Any CPU.ActiveCfg = Release|Any CPU
		{1BD4683C-11A5-4317-9660-8B48D5AC93EA}.Release|Any CPU.Build.0 = Release|Any CPU
		{CAEF65D1-420C-4E25-97DD-D42385F495E1}.Debug|Any CPU.ActiveCfg = Debug|Any CPU
		{CAEF65D1-420C-4E25-97DD-D42385F495E1}.Debug|Any CPU.Build.0 = Debug|Any CPU
		{CAEF65D1-420C-4E25-97DD-D42385F495E1}.Release|Any CPU.ActiveCfg = Release|Any CPU
		{CAEF65D1-420C-4E25-97DD-D42385F495E1}.Release|Any CPU.Build.0 = Release|Any CPU
	EndGlobalSection
	GlobalSection(SolutionProperties) = preSolution
		HideSolutionNode = FALSE
	EndGlobalSection
EndGlobal
